
Microsoft Visual Studio Solution File, Format Version 12.00
# Visual Studio 15
VisualStudioVersion = 15.0.28307.1259
MinimumVisualStudioVersion = 10.0.40219.1
Project("{8BC9CEB8-8B4A-11D0-8D11-00A0C91BC942}") = "2.32", "2.32\2.32.vcxproj", "{20FD9E0E-4A32-4C32-97C9-5716C23A5365}"
EndProject
Global
	GlobalSection(SolutionConfigurationPlatforms) = preSolution
		Debug|x64 = Debug|x64
		Debug|x86 = Debug|x86
		Release|x64 = Release|x64
		Release|x86 = Release|x86
	EndGlobalSection
	GlobalSection(ProjectConfigurationPlatforms) = postSolution
		{20FD9E0E-4A32-4C32-97C9-5716C23A5365}.Debug|x64.ActiveCfg = Debug|x64
		{20FD9E0E-4A32-4C32-97C9-5716C23A5365}.Debug|x64.Build.0 = Debug|x64
		{20FD9E0E-4A32-4C32-97C9-5716C23A5365}.Debug|x86.ActiveCfg = Debug|Win32
		{20FD9E0E-4A32-4C32-97C9-5716C23A5365}.Debug|x86.Build.0 = Debug|Win32
		{20FD9E0E-4A32-4C32-97C9-5716C23A5365}.Release|x64.ActiveCfg = Release|x64
		{20FD9E0E-4A32-4C32-97C9-5716C23A5365}.Release|x64.Build.0 = Release|x64
		{20FD9E0E-4A32-4C32-97C9-5716C23A5365}.Release|x86.ActiveCfg = Release|Win32
		{20FD9E0E-4A32-4C32-97C9-5716C23A5365}.Release|x86.Build.0 = Release|Win32
	EndGlobalSection
	GlobalSection(SolutionProperties) = preSolution
		HideSolutionNode = FALSE
	EndGlobalSection
	GlobalSection(ExtensibilityGlobals) = postSolution
		SolutionGuid = {296A6976-638E-4D61-9223-A7F2D665827B}
	EndGlobalSection
EndGlobal
