
Microsoft Visual Studio Solution File, Format Version 12.00
# Visual Studio 15
VisualStudioVersion = 15.0.28307.1259
MinimumVisualStudioVersion = 10.0.40219.1
Project("{8BC9CEB8-8B4A-11D0-8D11-00A0C91BC942}") = "2.25", "2.25\2.25.vcxproj", "{21A679BF-3537-4EAD-817D-D670D6735707}"
EndProject
Global
	GlobalSection(SolutionConfigurationPlatforms) = preSolution
		Debug|x64 = Debug|x64
		Debug|x86 = Debug|x86
		Release|x64 = Release|x64
		Release|x86 = Release|x86
	EndGlobalSection
	GlobalSection(ProjectConfigurationPlatforms) = postSolution
		{21A679BF-3537-4EAD-817D-D670D6735707}.Debug|x64.ActiveCfg = Debug|x64
		{21A679BF-3537-4EAD-817D-D670D6735707}.Debug|x64.Build.0 = Debug|x64
		{21A679BF-3537-4EAD-817D-D670D6735707}.Debug|x86.ActiveCfg = Debug|Win32
		{21A679BF-3537-4EAD-817D-D670D6735707}.Debug|x86.Build.0 = Debug|Win32
		{21A679BF-3537-4EAD-817D-D670D6735707}.Release|x64.ActiveCfg = Release|x64
		{21A679BF-3537-4EAD-817D-D670D6735707}.Release|x64.Build.0 = Release|x64
		{21A679BF-3537-4EAD-817D-D670D6735707}.Release|x86.ActiveCfg = Release|Win32
		{21A679BF-3537-4EAD-817D-D670D6735707}.Release|x86.Build.0 = Release|Win32
	EndGlobalSection
	GlobalSection(SolutionProperties) = preSolution
		HideSolutionNode = FALSE
	EndGlobalSection
	GlobalSection(ExtensibilityGlobals) = postSolution
		SolutionGuid = {E2488F59-3985-440B-98D3-53039CB4B963}
	EndGlobalSection
EndGlobal
